# This file is automatically @generated by Poetry 2.2.1 and should not be changed by hand.

[[package]]
name = "pycapnp"
version = "2.2.1"
description = "A cython wrapping of the C++ Cap'n Proto library"
optional = false
python-versions = ">=3.8"
groups = ["main"]
files = [
    {file = "pycapnp-2.2.1-cp310-cp310-macosx_10_9_x86_64.whl", hash = "sha256:602b7d73a307443543e1eb6128c374e946a59f1d9df995ae721816b7f58cc275"},
    {file = "pycapnp-2.2.1-cp310-cp310-macosx_11_0_arm64.whl", hash = "sha256:7775d5688eb7a657a681c9e60ef7f42706cbb5521c93a6c1f583931264ca451e"},
    {file = "pycapnp-2.2.1-cp310-cp310-manylinux_2_28_aarch64.whl", hash = "sha256:8605bc739c2858ee64c353a8247add43701a32e3e29cb7cad83a1be07058e950"},
    {file = "pycapnp-2.2.1-cp310-cp310-manylinux_2_28_i686.whl", hash = "sha256:e3cf9a7abc3a088a69746428583b999b4eb0c8b09bf59e60644eca9585b37b05"},
    {file = "pycapnp-2.2.1-cp310-cp310-manylinux_2_28_ppc64le.whl", hash = "sha256:1555e95ab348420473806c6091dec6f4e022da2a5b033c6e221f077059037120"},
    {file = "pycapnp-2.2.1-cp310-cp310-manylinux_2_28_s390x.whl", hash = "sha256:62e3321671a6eb811b9d684bb2a921c937fa5d2178656702af16ba676d1d040e"},
    {file = "pycapnp-2.2.1-cp310-cp310-manylinux_2_28_x86_64.whl", hash = "sha256:69ace4bd45a0710539928e4f5052efc292259441bb0074ccf16363097192573b"},
    {file = "pycapnp-2.2.1-cp310-cp310-musllinux_1_2_aarch64.whl", hash = "sha256:c3835dfb9631c04d2efd2aa53ba452c4302050eea779800cf581ed7d4844d38a"},
    {file = "pycapnp-2.2.1-cp310-cp310-musllinux_1_2_i686.whl", hash = "sha256:91de90ee18262414703b55abf3145b9c84570c63c90866def88af34a130cd3b2"},
    {file = "pycapnp-2.2.1-cp310-cp310-musllinux_1_2_ppc64le.whl", hash = "sha256:d09497bb1e727dbda79b703a3191d61bbf874ec75916efd2cd5945a0a7d06581"},
    {file = "pycapnp-2.2.1-cp310-cp310-musllinux_1_2_s390x.whl", hash = "sha256:0c187cfe4978f37c50f5b22bd61aca96c57719ba4cb138e80c43864b7e91b104"},
    {file = "pycapnp-2.2.1-cp310-cp310-musllinux_1_2_x86_64.whl", hash = "sha256:413e048096751eff8569533a31ef6ba8b008f5d27064ce240c4e0a5ea8380b5b"},
    {file = "pycapnp-2.2.1-cp310-cp310-win32.whl", hash = "sha256:f9ffe17fcd9caf94b0eeefdbbd325e244df970261de3c18ab4b3d83e43c9ee9a"},
    {file = "pycapnp-2.2.1-cp310-cp310-win_amd64.whl", hash = "sha256:e9b4d45d7b2968f27a5cda5eda30a0091feff38714de6dfe22911012bcba0827"},
    {file = "pycapnp-2.2.1-cp311-cp311-macosx_10_9_x86_64.whl", hash = "sha256:418ad80c3f4bdc6ec0ce3b38e278e64c4f843a1910a0772ff45bd83e35a7cf18"},
    {file = "pycapnp-2.2.1-cp311-cp311-macosx_11_0_arm64.whl", hash = "sha256:3242d2e0e2b89a10cf253d9a9d138c411ce2f60b3799ef8d9344c5b314cbfa33"},
    {file = "pycapnp-2.2.1-cp311-cp311-manylinux_2_28_aarch64.whl", hash = "sha256:e3b6e9b538b4a440c027af65e846ad5c7989cd831fcf983eb16d17fae79fdca3"},
    {file = "pycapnp-2.2.1-cp311-cp311-manylinux_2_28_i686.whl", hash = "sha256:6d1e03d1ee94e5b268896d5643efb58925d80fb6a368e4739a39f100838be6b5"},
    {file = "pycapnp-2.2.1-cp311-cp311-manylinux_2_28_ppc64le.whl", hash = "sha256:4813d25d23ec7a967352dbfce76d893ae5c4d5a9993f51ca8c01f48847f4b1d9"},
    {file = "pycapnp-2.2.1-cp311-cp311-manylinux_2_28_s390x.whl", hash = "sha256:41b31b9dafcb192a8aed6387288732d642bfaf53ef11ce9edc815e72c6402846"},
    {file = "pycapnp-2.2.1-cp311-cp311-manylinux_2_28_x86_64.whl", hash = "sha256:d682ae9f23a0c6568533ca2ebf6d70ac7e599dd222f671fa87dff278de343eec"},
    {file = "pycapnp-2.2.1-cp311-cp311-musllinux_1_2_aarch64.whl", hash = "sha256:5331b916bafdb84337a2c1a5d90170863486d6254b8852444b94bd0315e6e6b4"},
    {file = "pycapnp-2.2.1-cp311-cp311-musllinux_1_2_i686.whl", hash = "sha256:eec84369e4c1d163414db7f696c06887848f593a4df5ed7de3641b0179eb3922"},
    {file = "pycapnp-2.2.1-cp311-cp311-musllinux_1_2_ppc64le.whl", hash = "sha256:b83a96251002fc236d7bda12b6eb6136a13dbca4206774834ac424c66bbdc9f2"},
    {file = "pycapnp-2.2.1-cp311-cp311-musllinux_1_2_s390x.whl", hash = "sha256:919926821d7700c3e0c72a51169edbdd9a0991769733ff23cd732e6698bf99e2"},
    {file = "pycapnp-2.2.1-cp311-cp311-musllinux_1_2_x86_64.whl", hash = "sha256:9b23e828a3d1e4e00b104af9ffe7da88a8ab33d343e454288bd0d8d7c5199b25"},
    {file = "pycapnp-2.2.1-cp311-cp311-win32.whl", hash = "sha256:66196fe4c34d8493db504349d53f01b93f5a8771739a8f0bbf20ba363048e5b6"},
    {file = "pycapnp-2.2.1-cp311-cp311-win_amd64.whl", hash = "sha256:9d4fbcdfb7e1b34cdfc20d9a7eb79a3b6e9e701a69a06c99545a9b29aa7588cb"},
    {file = "pycapnp-2.2.1-cp312-cp312-macosx_10_13_x86_64.whl", hash = "sha256:e22c74af06586abd8d8453a91bc7610e469771907246346822faa742fa72c0ca"},
    {file = "pycapnp-2.2.1-cp312-cp312-macosx_11_0_arm64.whl", hash = "sha256:c7dc00457ef03e4b1587d63f63e87a5fffc9c3268fb2cbe7ad9d460813ac6c14"},
    {file = "pycapnp-2.2.1-cp312-cp312-manylinux_2_28_aarch64.whl", hash = "sha256:c41e93efec53f5adc18f72dd4f2f4790c4f28d907155c5a8975fdc073a752edb"},
    {file = "pycapnp-2.2.1-cp312-cp312-manylinux_2_28_i686.whl", hash = "sha256:e6d09f51caaf4b9184b1a8c1bcb756b8774e3891febd9e8bafb9736eb7cc6abf"},
    {file = "pycapnp-2.2.1-cp312-cp312-manylinux_2_28_ppc64le.whl", hash = "sha256:40548abb12ce7441945d6d5c2da3c72e789eaf5e8eddc374d0450191a8f55c98"},
    {file = "pycapnp-2.2.1-cp312-cp312-manylinux_2_28_s390x.whl", hash = "sha256:95046f1069237fcc07c72b1a4604916e338ea54c8fe411bdd7cc09f1ded9aed4"},
    {file = "pycapnp-2.2.1-cp312-cp312-manylinux_2_28_x86_64.whl", hash = "sha256:66714dbca707a4cdd5e60f97cd0f3d2c88ad3c56b05a42b6887397ccdc0ee5b1"},
    {file = "pycapnp-2.2.1-cp312-cp312-musllinux_1_2_aarch64.whl", hash = "sha256:cea2543ad9edc15d22f4449074d7d729a10521c164a5a3c33cfbd37bc083606a"},
    {file = "pycapnp-2.2.1-cp312-cp312-musllinux_1_2_i686.whl", hash = "sha256:16dae94463d129969f48711be5f234719c98992a27652e20da0376266f790603"},
    {file = "pycapnp-2.2.1-cp312-cp312-musllinux_1_2_ppc64le.whl", hash = "sha256:ec778ae022e5330f38cbd2b28f8f77c3687ea65432c3d0d1c51272976d49c904"},
    {file = "pycapnp-2.2.1-cp312-cp312-musllinux_1_2_s390x.whl", hash = "sha256:eb4d87aad63ce63fd84a205af691098459cc1b40ffabe9c4cba5ab49c6b3ad47"},
    {file = "pycapnp-2.2.1-cp312-cp312-musllinux_1_2_x86_64.whl", hash = "sha256:9340463c40d83c9fcc45d8706692b04f604dcd729a6b8d802700dd2a0a425281"},
    {file = "pycapnp-2.2.1-cp312-cp312-win32.whl", hash = "sha256:52b2f233833ababf38b43195ddbbe3d8d58a11216c5ba3effc3ebd7c4727c582"},
    {file = "pycapnp-2.2.1-cp312-cp312-win_amd64.whl", hash = "sha256:25958963c28c77144f9f060faeb87f0f796060176cad938309ec8dccd39faec8"},
    {file = "pycapnp-2.2.1-cp313-cp313-macosx_10_13_x86_64.whl", hash = "sha256:fe58a968698ece0c9949358567dc39e57ff66c5229da10bcc6adacb9715a0f1d"},
    {file = "pycapnp-2.2.1-cp313-cp313-macosx_11_0_arm64.whl", hash = "sha256:1e4486deeda8b30235678308f1da35d15468e64f1d949814002fb11a19c9a9be"},
    {file = "pycapnp-2.2.1-cp313-cp313-manylinux_2_28_aarch64.whl", hash = "sha256:ed484e361b3c0a0f56cd955b4af5c84b8e184e14e356f4177cf7cfa9dddf49cb"},
    {file = "pycapnp-2.2.1-cp313-cp313-manylinux_2_28_i686.whl", hash = "sha256:5935f17c16e6117ba56fe7fa7388be0204765b82e74d0f630a34d8f2f832f0d0"},
    {file = "pycapnp-2.2.1-cp313-cp313-manylinux_2_28_ppc64le.whl", hash = "sha256:402368bfe9fb3924c9a4ff3c1778ba68defb6b67bbe579537a7129924c12b188"},
    {file = "pycapnp-2.2.1-cp313-cp313-manylinux_2_28_s390x.whl", hash = "sha256:4b2b7e1d42fefe61f538d93680b60f9883a7dfb8fad2e10d69c08bc9f20bd0d4"},
    {file = "pycapnp-2.2.1-cp313-cp313-manylinux_2_28_x86_64.whl", hash = "sha256:04b608e3303edc6d5ea1d8a4589bd957c5cb002019f2a21df98fd8b2f4158d66"},
    {file = "pycapnp-2.2.1-cp313-cp313-musllinux_1_2_aarch64.whl", hash = "sha256:084eb029ae265982c62018dc6a227557c4ef812cee87ae813fce46b8612a6a2f"},
    {file = "pycapnp-2.2.1-cp313-cp313-musllinux_1_2_i686.whl", hash = "sha256:06aca5c484cf5575b2ba531216945b6c9495099812feb6ef49d09ae0dff32719"},
    {file = "pycapnp-2.2.1-cp313-cp313-musllinux_1_2_ppc64le.whl", hash = "sha256:560c275e1b45e7bfe264a6a32aa37ce96c996b5b7864ceba98718d4200158b63"},
    {file = "pycapnp-2.2.1-cp313-cp313-musllinux_1_2_s390x.whl", hash = "sha256:50b68f57211245bd8f6f908720a096227450342f91e5a6f99bb3dfd9a2bf2207"},
    {file = "pycapnp-2.2.1-cp313-cp313-musllinux_1_2_x86_64.whl", hash = "sha256:02423e40d854336e73dd438b7454ec148139324ff25b04f0c9ca4a229938103c"},
    {file = "pycapnp-2.2.1-cp313-cp313-win32.whl", hash = "sha256:37441f85a2bb7246d406e4cf319fc7bf059403a7527c24c1e1315ab82b785ab5"},
    {file = "pycapnp-2.2.1-cp313-cp313-win_amd64.whl", hash = "sha256:6f859fefdfddb543cb76995d298ea6e2c6439df80fd2a0e5e0a6734ec65c8c7c"},
    {file = "pycapnp-2.2.1-cp38-cp38-macosx_10_9_x86_64.whl", hash = "sha256:70ff280d41a8e5b557f10a55aa94a97493843f6deb02afca859137408cb2e2dc"},
    {file = "pycapnp-2.2.1-cp38-cp38-macosx_11_0_arm64.whl", hash = "sha256:a4fd41badfbc7c615a7986c01ddef4d87885e52fb7d38b7dbc37cc7dc1a5ebf5"},
    {file = "pycapnp-2.2.1-cp38-cp38-manylinux_2_28_aarch64.whl", hash = "sha256:ad8ffe2e7d364f15695e652f1ab1f04553a8f0239fa35933c949e0fbc0f9717e"},
    {file = "pycapnp-2.2.1-cp38-cp38-manylinux_2_28_i686.whl", hash = "sha256:ef5795a88425d1740850e59b01913838f81db5963aa7ea081b47f5b29eedecbd"},
    {file = "pycapnp-2.2.1-cp38-cp38-manylinux_2_28_ppc64le.whl", hash = "sha256:4e329701f7f903284f10b81a7ff1dfea1437be2421375db6e8fa7240718cba03"},
    {file = "pycapnp-2.2.1-cp38-cp38-manylinux_2_28_s390x.whl", hash = "sha256:5fe31f851c3000952b0e92412d0cc362f90ababa6cf759385300b3a992f96ac4"},
    {file = "pycapnp-2.2.1-cp38-cp38-manylinux_2_28_x86_64.whl", hash = "sha256:0783924a4a31f0ee029b585bca2b2367a8b8542ea8ffeac2995937462d41e115"},
    {file = "pycapnp-2.2.1-cp38-cp38-musllinux_1_2_aarch64.whl", hash = "sha256:deb5ac98bba5bc7c9fd231c78fdcf471998c27b0bde5252c99c73780e742abeb"},
    {file = "pycapnp-2.2.1-cp38-cp38-musllinux_1_2_i686.whl", hash = "sha256:2acd993f5e233a25c20e599e03d34244106442495ef81f1616a908db3d9c98eb"},
    {file = "pycapnp-2.2.1-cp38-cp38-musllinux_1_2_ppc64le.whl", hash = "sha256:7fd30a3f38189f32fc9cd3688b4805118f7055b9e5cec1c20771c47ff0fd46d9"},
    {file = "pycapnp-2.2.1-cp38-cp38-musllinux_1_2_s390x.whl", hash = "sha256:db260d2420d3b935b785d82d14b4b522266a28aaf8cf84266971b1aebd324f96"},
    {file = "pycapnp-2.2.1-cp38-cp38-musllinux_1_2_x86_64.whl", hash = "sha256:29b2ff0fe7a10fa16ccfa0c4a51efc1aa30e86b9769d286f87ddcc75ea85e796"},
    {file = "pycapnp-2.2.1-cp38-cp38-win32.whl", hash = "sha256:03386f32e829ba12a3643fed21d246ed49a9c49a00184b921e3c7bdf6db2b1c4"},
    {file = "pycapnp-2.2.1-cp38-cp38-win_amd64.whl", hash = "sha256:171a179ffefaf9b453fba5afac80f33187ff58dea3be6ebc8fd0d1e2e66d562b"},
    {file = "pycapnp-2.2.1-cp39-cp39-macosx_10_9_x86_64.whl", hash = "sha256:a9aa9c8dfaca8de36f42a9b57fec0d2174a6e6381ceed520311c5167e697a3b2"},
    {file = "pycapnp-2.2.1-cp39-cp39-macosx_11_0_arm64.whl", hash = "sha256:ed57bfd132247d50dcad107319dde0cfaacc5dd3bd1d5872b4dbf565fe9e46ff"},
    {file = "pycapnp-2.2.1-cp39-cp39-manylinux_2_28_aarch64.whl", hash = "sha256:f9fdc2d13b03630904bd29d4ad219ea40401d569ef8f0bd983438aa1fe2e6936"},
    {file = "pycapnp-2.2.1-cp39-cp39-manylinux_2_28_i686.whl", hash = "sha256:c5ca63dd3152894a5e6c1724e443e5f597eec06be70a2f80c263ca32056fe931"},
    {file = "pycapnp-2.2.1-cp39-cp39-manylinux_2_28_ppc64le.whl", hash = "sha256:6ae690e87b8ad97d2bc149c4683bebb0ce726bdd2322f9b6f9d71a3d3e065151"},
    {file = "pycapnp-2.2.1-cp39-cp39-manylinux_2_28_s390x.whl", hash = "sha256:ac47de6701ebf8ce229d8f41137ecb208210a2a6b230ef7fe98c404da29e4ea5"},
    {file = "pycapnp-2.2.1-cp39-cp39-manylinux_2_28_x86_64.whl", hash = "sha256:ad0b06d0d77fd564edb938987b9585c4e53050f879d08cbcd472e4556bb45c14"},
    {file = "pycapnp-2.2.1-cp39-cp39-musllinux_1_2_aarch64.whl", hash = "sha256:2a64ab3a1a673d053b3c8ac6e0d09c8c5ff2fa67e67464dcd9b2dd9d781b77a9"},
    {file = "pycapnp-2.2.1-cp39-cp39-musllinux_1_2_i686.whl", hash = "sha256:22cf1a882e72a2625bda4ab2c84c2f134867fc5895a62ad086fae6574678479e"},
    {file = "pycapnp-2.2.1-cp39-cp39-musllinux_1_2_ppc64le.whl", hash = "sha256:7e6fbb0050d64fb0305cf962194d0ba17e087d34d0ea00a39a5394a82cfdf029"},
    {file = "pycapnp-2.2.1-cp39-cp39-musllinux_1_2_s390x.whl", hash = "sha256:0f81e59ecde10fffb8b5b671b5cc85ca14595c9e2880a590b9463ac0ec76baae"},
    {file = "pycapnp-2.2.1-cp39-cp39-musllinux_1_2_x86_64.whl", hash = "sha256:babe77da5b69beb0af0e5e7525f8bf48d6df4c801772aff86e8c62f43d12e195"},
    {file = "pycapnp-2.2.1-cp39-cp39-win32.whl", hash = "sha256:b2c862acc98fa9e69fb4480f01d34098420dbf1b991fcaba688aa5bdaaa12d5e"},
    {file = "pycapnp-2.2.1-cp39-cp39-win_amd64.whl", hash = "sha256:5ce1484837846cd1dd5bda5090e658bf056c0729524395e4c29b2f84514cabf2"},
    {file = "pycapnp-2.2.1.tar.gz", hash = "sha256:a76432667bfb1e56b69fcc5bca4be7c72e1ac0f6ab57583857dc5d5293045451"},
]

[metadata]
lock-version = "2.1"
python-versions = ">=3.10,<4.0"
content-hash = "18d406aa085fd09772562f4c296837bdf3d596869dd17593e7afc2ae2e03bd0e"
