# This file is automatically @generated by Poetry 2.2.1 and should not be changed by hand.

[[package]]
name = "pycapnp"
version = "2.2.2"
description = "A cython wrapping of the C++ Cap'n Proto library"
optional = false
python-versions = ">=3.8"
groups = ["main"]
files = [
    {file = "pycapnp-2.2.2-cp310-cp310-macosx_10_9_x86_64.whl", hash = "sha256:2ef914139f914d709fbda4b178275d911214f8e742465d70fde2ccdccf5a7ef1"},
    {file = "pycapnp-2.2.2-cp310-cp310-macosx_11_0_arm64.whl", hash = "sha256:c11a80978a8ecac5294bc28a5bc5778c8e9a1a20ef78e7b1a94f71c2bc2c7268"},
    {file = "pycapnp-2.2.2-cp310-cp310-manylinux_2_28_aarch64.whl", hash = "sha256:b85c0c31a5808070260e64262989447f33b7546e25303b7d64d56a99b653044f"},
    {file = "pycapnp-2.2.2-cp310-cp310-manylinux_2_28_i686.whl", hash = "sha256:41d4efb9156a4b8230f64c2d41c96207883e68f31b37e2a799340db8f1956dd7"},
    {file = "pycapnp-2.2.2-cp310-cp310-manylinux_2_28_ppc64le.whl", hash = "sha256:27d933c385ff3db8702eb30c5ad67daf9f91c8ab22ee61358fa88fb875dcad7e"},
    {file = "pycapnp-2.2.2-cp310-cp310-manylinux_2_28_s390x.whl", hash = "sha256:f6a87a1f1c42d703be8cd9fadc81db885b1abb1d0bf1893d55ceaabaf4b16939"},
    {file = "pycapnp-2.2.2-cp310-cp310-manylinux_2_28_x86_64.whl", hash = "sha256:0847f2430816fdaee815c355730a53bc5c035b7a0b6aab6d0fcf33d89b675730"},
    {file = "pycapnp-2.2.2-cp310-cp310-musllinux_1_2_aarch64.whl", hash = "sha256:e3042d48244042b63f433b55f8d90ef58edc1ca1b51f751c8d43c698496ffd0d"},
    {file = "pycapnp-2.2.2-cp310-cp310-musllinux_1_2_i686.whl", hash = "sha256:53d2e280a0bae38b21387caf6312af857973a904dd56498d5abd6d02ec84ec76"},
    {file = "pycapnp-2.2.2-cp310-cp310-musllinux_1_2_ppc64le.whl", hash = "sha256:b6488d6e7aa1611ed4c764fc6f3628951f89b1ec36291a2a163b53a34c49bb9f"},
    {file = "pycapnp-2.2.2-cp310-cp310-musllinux_1_2_s390x.whl", hash = "sha256:25cdb9d48193deda927e7f9572c9ff93173ef983065793381ada8b8f2b4e1fdc"},
    {file = "pycapnp-2.2.2-cp310-cp310-musllinux_1_2_x86_64.whl", hash = "sha256:3fbb2f79c71dc2d6345e334864d1760e83bbe29ce2fcba160be99d48afc9eb39"},
    {file = "pycapnp-2.2.2-cp310-cp310-win32.whl", hash = "sha256:e96d31d2ab9a1ee48b5304751ff603a55a8d99c1f0aad87d20c82b73969d0581"},
    {file = "pycapnp-2.2.2-cp310-cp310-win_amd64.whl", hash = "sha256:4d2b791abc65fa6c052d06f0d6057f6b08a712e8a1068a0b1d8c5e2ddea32dd7"},
    {file = "pycapnp-2.2.2-cp311-cp311-macosx_10_9_x86_64.whl", hash = "sha256:3b49906285d5fdd91b352329eaa33ec54162053a0fae5467389f3762a6c27e09"},
    {file = "pycapnp-2.2.2-cp311-cp311-macosx_11_0_arm64.whl", hash = "sha256:a603298b27356cb1766b4c965964a90a1af98b97c7513a369ed483bb267dfd83"},
    {file = "pycapnp-2.2.2-cp311-cp311-manylinux_2_28_aarch64.whl", hash = "sha256:c858cd32f9b940bd5412e8a992f5b3983010611ad03f2a548f39b50aa5c60e76"},
    {file = "pycapnp-2.2.2-cp311-cp311-manylinux_2_28_i686.whl", hash = "sha256:7fc395295229817b7436702cd3aaaf50a8587a9842b0616d683504f81166c3b0"},
    {file = "pycapnp-2.2.2-cp311-cp311-manylinux_2_28_ppc64le.whl", hash = "sha256:3c64660d72dda255d597151024105318f931404c1f5d8e38d32bd03a5a1cbc5b"},
    {file = "pycapnp-2.2.2-cp311-cp311-manylinux_2_28_s390x.whl", hash = "sha256:0023a873567d1cb2c11de599a3d3a49810bfbbe1eacc66001ff61140a0b57040"},
    {file = "pycapnp-2.2.2-cp311-cp311-manylinux_2_28_x86_64.whl", hash = "sha256:2905d571800c8871b14bba31effc80383d321eaced37506ce050521c5962eb61"},
    {file = "pycapnp-2.2.2-cp311-cp311-musllinux_1_2_aarch64.whl", hash = "sha256:f731680b232235038f4d7390c2e6d6f1dc03d42d0e2c12f72e99e666cefdff01"},
    {file = "pycapnp-2.2.2-cp311-cp311-musllinux_1_2_i686.whl", hash = "sha256:6eed184d6e7e8d2ed7ef3ffd35fc2a6616835342ca99457845945dbe088b8874"},
    {file = "pycapnp-2.2.2-cp311-cp311-musllinux_1_2_ppc64le.whl", hash = "sha256:2e7b6b2339e394cd7aed712d01303313a5e50259d68003ed63b50bf73ba382d5"},
    {file = "pycapnp-2.2.2-cp311-cp311-musllinux_1_2_s390x.whl", hash = "sha256:19a58b202a306c8a5b1ceb939bd1b6521061d161cf7c19fde3fcedc4db6e20dd"},
    {file = "pycapnp-2.2.2-cp311-cp311-musllinux_1_2_x86_64.whl", hash = "sha256:973d132853433054739646958719301bb925621c2649e8dbcee0d7e9aaffa926"},
    {file = "pycapnp-2.2.2-cp311-cp311-win32.whl", hash = "sha256:b2df0674a4edcbf89829e3537815c760b95fae2e37ec0a14af37dda05d62d062"},
    {file = "pycapnp-2.2.2-cp311-cp311-win_amd64.whl", hash = "sha256:a662c8bcc27f00ab86a78d377d01e42a61b510d0e33399267fef7639d020c71f"},
    {file = "pycapnp-2.2.2-cp312-cp312-macosx_10_13_x86_64.whl", hash = "sha256:8b86cb8ea5b8011b562c4e022325a826a62f91196ceb5aa33a766c0bea0b8fd3"},
    {file = "pycapnp-2.2.2-cp312-cp312-macosx_11_0_arm64.whl", hash = "sha256:2353531cfa669e3eeb99be9f993573341650276abec46676d687cc12b3e6b6d9"},
    {file = "pycapnp-2.2.2-cp312-cp312-manylinux_2_28_aarch64.whl", hash = "sha256:ee27bdc78c7ccd8eaa0fe31e09f0ec4ef31deda3f475fc9373bb4b0de8083053"},
    {file = "pycapnp-2.2.2-cp312-cp312-manylinux_2_28_i686.whl", hash = "sha256:a8ded808911d1d7a9a2197626c09eea6e269e74dc1276760789538b1efcf6cd5"},
    {file = "pycapnp-2.2.2-cp312-cp312-manylinux_2_28_ppc64le.whl", hash = "sha256:59e92e1db40041d82a95eab0bd8de2676ce50c6b97c1457e2edde4d134b6d046"},
    {file = "pycapnp-2.2.2-cp312-cp312-manylinux_2_28_s390x.whl", hash = "sha256:ee1e9ac2f0b80fa892b922b60e36efc925d072ecf1204ba3e59d8d9ac7c3dc83"},
    {file = "pycapnp-2.2.2-cp312-cp312-manylinux_2_28_x86_64.whl", hash = "sha256:53273b385be78ed8ac997ff8697f2a4c760e93c190b509822a937de5531f4861"},
    {file = "pycapnp-2.2.2-cp312-cp312-musllinux_1_2_aarch64.whl", hash = "sha256:812cbdd002bc542b63f969b85c6b9041dfdaf4185613635a6d4feea84c9092fa"},
    {file = "pycapnp-2.2.2-cp312-cp312-musllinux_1_2_i686.whl", hash = "sha256:9c330218a44bd649b96f565dbf5326d183fdd20f9887bdedfeabd73f0366c2e1"},
    {file = "pycapnp-2.2.2-cp312-cp312-musllinux_1_2_ppc64le.whl", hash = "sha256:796aa0ba18bcd4e6b2815471bbed059ad7ee8a815a30e81ac8a9aa030ec7818d"},
    {file = "pycapnp-2.2.2-cp312-cp312-musllinux_1_2_s390x.whl", hash = "sha256:251a6abdd64b9b11d2a8e16fc365b922ef6ba6c968959b72a3a3d9d8ec8cc8d7"},
    {file = "pycapnp-2.2.2-cp312-cp312-musllinux_1_2_x86_64.whl", hash = "sha256:6aab811e0fcc27ae8bf5f04dedaa7e0af47e0d4db51d9c85ab0d2dad26a46bd7"},
    {file = "pycapnp-2.2.2-cp312-cp312-win32.whl", hash = "sha256:5061c85dd8f843b2656720ca6976d2a9b418845580c6f6d9602f7119fc2208d5"},
    {file = "pycapnp-2.2.2-cp312-cp312-win_amd64.whl", hash = "sha256:700eb8c77405222903af3fb5a371c0d766f86139c3d51f4bff41ccd6403b51f9"},
    {file = "pycapnp-2.2.2-cp313-cp313-macosx_10_13_x86_64.whl", hash = "sha256:90138fceca1e85ea3eaa0de6656e33c4bef1c8da3c191db0a5b5bacc969f7889"},
    {file = "pycapnp-2.2.2-cp313-cp313-macosx_11_0_arm64.whl", hash = "sha256:cd0549036bfddb003f8e371c3c4ed3f56ac847953eb57cdd371100bb52afa64e"},
    {file = "pycapnp-2.2.2-cp313-cp313-manylinux_2_28_aarch64.whl", hash = "sha256:7c5a8f6d96017a7bb7e202fa8920fcdad119deab0d761f9aca1e6a4755376cef"},
    {file = "pycapnp-2.2.2-cp313-cp313-manylinux_2_28_i686.whl", hash = "sha256:bba31a8ba8ec32a04c5a14a5e469df7e1f1b85e169f49f7c2edfdfb78ec5075f"},
    {file = "pycapnp-2.2.2-cp313-cp313-manylinux_2_28_ppc64le.whl", hash = "sha256:2decdaeb517120e152f7d9ddede393a830087ac3f1024c5224f2ec58e1735abd"},
    {file = "pycapnp-2.2.2-cp313-cp313-manylinux_2_28_s390x.whl", hash = "sha256:e879127ac9580005efcd51ec9ae903f1dd98954fb4ea88db9cf534e9a4afb379"},
    {file = "pycapnp-2.2.2-cp313-cp313-manylinux_2_28_x86_64.whl", hash = "sha256:7092c2393191221b8ce1c03ddc1343d1ff26d36129a831017d2371867e9c09bb"},
    {file = "pycapnp-2.2.2-cp313-cp313-musllinux_1_2_aarch64.whl", hash = "sha256:682812bf9ba4a60309b7150763cd5abed9341a31375398f3d2f60fee26143e13"},
    {file = "pycapnp-2.2.2-cp313-cp313-musllinux_1_2_i686.whl", hash = "sha256:6f321dbf33767bc2fd77dd66265177284697089f9e45b6dee7fd462b2b5cf918"},
    {file = "pycapnp-2.2.2-cp313-cp313-musllinux_1_2_ppc64le.whl", hash = "sha256:1d443d38f1cbeaec5b20b420117885fd5de812c5687e3bc8456d2e2c5cba371e"},
    {file = "pycapnp-2.2.2-cp313-cp313-musllinux_1_2_s390x.whl", hash = "sha256:20a31fedb7ef30ec53d5d2d951a7cec8f639c954557093a3ba3d11aba5d174b4"},
    {file = "pycapnp-2.2.2-cp313-cp313-musllinux_1_2_x86_64.whl", hash = "sha256:fbefb388464501899233d0b7d27256edd22c3cebb5a312da5d9f246671e9455e"},
    {file = "pycapnp-2.2.2-cp313-cp313-win32.whl", hash = "sha256:a25e3b3ef40d430309acc7c024aa62b1ee6b2e7a85b341a8b7a8a6f8e29d4133"},
    {file = "pycapnp-2.2.2-cp313-cp313-win_amd64.whl", hash = "sha256:db65c9ec9d69bac6d19092db43b5e1f3cb2c680810418fd1e02316f7ef157fc1"},
    {file = "pycapnp-2.2.2-cp38-cp38-macosx_10_9_x86_64.whl", hash = "sha256:930b2139f9b99ceec2b93c1a64157d4abe978707d77ab44bcd31c1d67a9fe21b"},
    {file = "pycapnp-2.2.2-cp38-cp38-macosx_11_0_arm64.whl", hash = "sha256:0cb872dc4824fb8c69a30153037bf42f9cd6b7ed506dbd42d415b3a3aa3c0d07"},
    {file = "pycapnp-2.2.2-cp38-cp38-manylinux_2_28_aarch64.whl", hash = "sha256:6754fbc0b5f81d313959e0436f025706b1895d8fc8cfedf124a867b1b2e247b1"},
    {file = "pycapnp-2.2.2-cp38-cp38-manylinux_2_28_i686.whl", hash = "sha256:616efb055cf5b3b8ba424c42744dfc4f589b3ead7256fc6de73526cfb0b691c3"},
    {file = "pycapnp-2.2.2-cp38-cp38-manylinux_2_28_ppc64le.whl", hash = "sha256:a95bbfc095c9a5f1c9ac3398679a8dcfe48a7f0eef6246317660a38136a50e8f"},
    {file = "pycapnp-2.2.2-cp38-cp38-manylinux_2_28_s390x.whl", hash = "sha256:b8ea7be280a0cdf0cd21e6114512ca9d06843d0cdc2cf7f8dc41a01b22cd376d"},
    {file = "pycapnp-2.2.2-cp38-cp38-manylinux_2_28_x86_64.whl", hash = "sha256:fa12d8581d0c532308d1a2e1d17ffe7b8be3b9584ee1f8940257fea8a83aeca3"},
    {file = "pycapnp-2.2.2-cp38-cp38-musllinux_1_2_aarch64.whl", hash = "sha256:b2bc36ec644de523119416fd5b7ecbf602a0b7b9a33a858b51f59a24f21f3266"},
    {file = "pycapnp-2.2.2-cp38-cp38-musllinux_1_2_i686.whl", hash = "sha256:6af0e74a1171905d7660b71077c3ec30cee8eb01da09fe98aa211c59b099fdac"},
    {file = "pycapnp-2.2.2-cp38-cp38-musllinux_1_2_ppc64le.whl", hash = "sha256:a0d70ab06f84f83173e542e7abb343366def51999e331f8d48011dac9ab4c3d7"},
    {file = "pycapnp-2.2.2-cp38-cp38-musllinux_1_2_s390x.whl", hash = "sha256:4050ee430fa507ffe072b1c1e70049d4efde2467c36b4bdbd8b60a2cff6d743b"},
    {file = "pycapnp-2.2.2-cp38-cp38-musllinux_1_2_x86_64.whl", hash = "sha256:cdc9837de841b74e67cc8f1c30303358df8ffb028bff618bb5a36ff7d3b0737b"},
    {file = "pycapnp-2.2.2-cp38-cp38-win32.whl", hash = "sha256:0ff94350882cff82c7baf69430a48adc8753cd48e53de17f98f24ef01771857a"},
    {file = "pycapnp-2.2.2-cp38-cp38-win_amd64.whl", hash = "sha256:f26ab469387b9b530ab553c9d5cba36950f061e2d8673a7d83dac3b2a2d44676"},
    {file = "pycapnp-2.2.2-cp39-cp39-macosx_10_9_x86_64.whl", hash = "sha256:da981499958b03c2b3e61880a7d7f1ae71814bde10934e4dd80fc5f0010b2397"},
    {file = "pycapnp-2.2.2-cp39-cp39-macosx_11_0_arm64.whl", hash = "sha256:cd2db1f30fb355db3356da54ba2b660f0fdc8070a3b160ae450f06e7bdbed556"},
    {file = "pycapnp-2.2.2-cp39-cp39-manylinux_2_28_aarch64.whl", hash = "sha256:fef8152a71e5844fd3a3ddb61c734d349a3cdf105b70f17566475cf701bc45d6"},
    {file = "pycapnp-2.2.2-cp39-cp39-manylinux_2_28_i686.whl", hash = "sha256:d250f2d9b319f5be12ef701dfb9df2ce8e2f0a9e71b3c9ed9689f8c3f780fd80"},
    {file = "pycapnp-2.2.2-cp39-cp39-manylinux_2_28_ppc64le.whl", hash = "sha256:687f56b3a1b7fc73745fc5174b9fcf4e050da7d4d0536b11548453978530d814"},
    {file = "pycapnp-2.2.2-cp39-cp39-manylinux_2_28_s390x.whl", hash = "sha256:985ad6d2e9bd139418f1a6d6aa9e0bc6414220143511782c628c4d939dd7d5b7"},
    {file = "pycapnp-2.2.2-cp39-cp39-manylinux_2_28_x86_64.whl", hash = "sha256:9dea47d7b554ab150486a1b95017bc43e210fc9691f0d06eb3174ed6e4a83316"},
    {file = "pycapnp-2.2.2-cp39-cp39-musllinux_1_2_aarch64.whl", hash = "sha256:e822f5c7c55da330fdc3a3acdce85c5f9c7141b63a6ced534ca57a0aa89ff020"},
    {file = "pycapnp-2.2.2-cp39-cp39-musllinux_1_2_i686.whl", hash = "sha256:57255b3bcc4ed776904071cd4f4c28d79b7df5988600cf90de405785786e0a91"},
    {file = "pycapnp-2.2.2-cp39-cp39-musllinux_1_2_ppc64le.whl", hash = "sha256:81e30555c2f7851cedcea1c5808cf818145e106fae085b1e932406ea28ceb302"},
    {file = "pycapnp-2.2.2-cp39-cp39-musllinux_1_2_s390x.whl", hash = "sha256:348102c8c42fdd6b46f81a4b7b389e2f03a20a38812327e09587f93a5ad1b7e0"},
    {file = "pycapnp-2.2.2-cp39-cp39-musllinux_1_2_x86_64.whl", hash = "sha256:924597b84fa6acff68fbd1b2afb28abd042f1fc45973eac809826f8400df9307"},
    {file = "pycapnp-2.2.2-cp39-cp39-win32.whl", hash = "sha256:6a6a5b21dec7f9e3835bea454e193ba6f19e57697c2464d3cfa02b12cea60b5b"},
    {file = "pycapnp-2.2.2-cp39-cp39-win_amd64.whl", hash = "sha256:49d0b45d40d125d8c886aa93adb5815e1c50210f7259dbe7270c35872142f721"},
    {file = "pycapnp-2.2.2.tar.gz", hash = "sha256:7f6c23c2283173a3cb6f1a5086dd0114779d508a7cd1b138d25a6357857d02b6"},
]

[[package]]
name = "ruff"
version = "0.14.14"
description = "An extremely fast Python linter and code formatter, written in Rust."
optional = false
python-versions = ">=3.7"
groups = ["dev"]
files = [
    {file = "ruff-0.14.14-py3-none-linux_armv6l.whl", hash = "sha256:7cfe36b56e8489dee8fbc777c61959f60ec0f1f11817e8f2415f429552846aed"},
    {file = "ruff-0.14.14-py3-none-macosx_10_12_x86_64.whl", hash = "sha256:6006a0082336e7920b9573ef8a7f52eec837add1265cc74e04ea8a4368cd704c"},
    {file = "ruff-0.14.14-py3-none-macosx_11_0_arm64.whl", hash = "sha256:026c1d25996818f0bf498636686199d9bd0d9d6341c9c2c3b62e2a0198b758de"},
    {file = "ruff-0.14.14-py3-none-manylinux_2_17_aarch64.manylinux2014_aarch64.whl", hash = "sha256:f666445819d31210b71e0a6d1c01e24447a20b85458eea25a25fe8142210ae0e"},
    {file = "ruff-0.14.14-py3-none-manylinux_2_17_armv7l.manylinux2014_armv7l.whl", hash = "sha256:3c0f18b922c6d2ff9a5e6c3ee16259adc513ca775bcf82c67ebab7cbd9da5bc8"},
    {file = "ruff-0.14.14-py3-none-manylinux_2_17_i686.manylinux2014_i686.whl", hash = "sha256:1629e67489c2dea43e8658c3dba659edbfd87361624b4040d1df04c9740ae906"},
    {file = "ruff-0.14.14-py3-none-manylinux_2_17_ppc64.manylinux2014_ppc64.whl", hash = "sha256:27493a2131ea0f899057d49d303e4292b2cae2bb57253c1ed1f256fbcd1da480"},
    {file = "ruff-0.14.14-py3-none-manylinux_2_17_ppc64le.manylinux2014_ppc64le.whl", hash = "sha256:01ff589aab3f5b539e35db38425da31a57521efd1e4ad1ae08fc34dbe30bd7df"},
    {file = "ruff-0.14.14-py3-none-manylinux_2_17_s390x.manylinux2014_s390x.whl", hash = "sha256:1cc12d74eef0f29f51775f5b755913eb523546b88e2d733e1d701fe65144e89b"},
    {file = "ruff-0.14.14-py3-none-manylinux_2_17_x86_64.manylinux2014_x86_64.whl", hash = "sha256:bb8481604b7a9e75eff53772496201690ce2687067e038b3cc31aaf16aa0b974"},
    {file = "ruff-0.14.14-py3-none-manylinux_2_31_riscv64.whl", hash = "sha256:14649acb1cf7b5d2d283ebd2f58d56b75836ed8c6f329664fa91cdea19e76e66"},
    {file = "ruff-0.14.14-py3-none-musllinux_1_2_aarch64.whl", hash = "sha256:e8058d2145566510790eab4e2fad186002e288dec5e0d343a92fe7b0bc1b3e13"},
    {file = "ruff-0.14.14-py3-none-musllinux_1_2_armv7l.whl", hash = "sha256:e651e977a79e4c758eb807f0481d673a67ffe53cfa92209781dfa3a996cf8412"},
    {file = "ruff-0.14.14-py3-none-musllinux_1_2_i686.whl", hash = "sha256:cc8b22da8d9d6fdd844a68ae937e2a0adf9b16514e9a97cc60355e2d4b219fc3"},
    {file = "ruff-0.14.14-py3-none-musllinux_1_2_x86_64.whl", hash = "sha256:16bc890fb4cc9781bb05beb5ab4cd51be9e7cb376bf1dd3580512b24eb3fda2b"},
    {file = "ruff-0.14.14-py3-none-win32.whl", hash = "sha256:b530c191970b143375b6a68e6f743800b2b786bbcf03a7965b06c4bf04568167"},
    {file = "ruff-0.14.14-py3-none-win_amd64.whl", hash = "sha256:3dde1435e6b6fe5b66506c1dff67a421d0b7f6488d466f651c07f4cab3bf20fd"},
    {file = "ruff-0.14.14-py3-none-win_arm64.whl", hash = "sha256:56e6981a98b13a32236a72a8da421d7839221fa308b223b9283312312e5ac76c"},
    {file = "ruff-0.14.14.tar.gz", hash = "sha256:2d0f819c9a90205f3a867dbbd0be083bee9912e170fd7d9704cc8ae45824896b"},
]

[metadata]
lock-version = "2.1"
python-versions = ">=3.10,<3.14"
content-hash = "2811b645b414de8f2fbb603ddd6cfe88d88b2d5b277ed2ffc071cef569b3b86e"
